
Microsoft Visual Studio Solution File, Format Version 12.00
# Visual Studio Version 17
VisualStudioVersion = 17.6.33829.357
MinimumVisualStudioVersion = 10.0.40219.1
Project("{9A19103F-16F7-4668-BE54-9A1E7A4F7556}") = "DBAccess", "DBAccess\DBAccess.csproj", "{C58ED8E2-248D-4DF4-A445-760F4AB44F76}"
EndProject
Global
	GlobalSection(SolutionConfigurationPlatforms) = preSolution
		Debug|Any CPU = Debug|Any CPU
		Release|Any CPU = Release|Any CPU
	EndGlobalSection
	GlobalSection(ProjectConfigurationPlatforms) = postSolution
		{C58ED8E2-248D-4DF4-A445-760F4AB44F76}.Debug|Any CPU.ActiveCfg = Debug|Any CPU
		{C58ED8E2-248D-4DF4-A445-760F4AB44F76}.Debug|Any CPU.Build.0 = Debug|Any CPU
		{C58ED8E2-248D-4DF4-A445-760F4AB44F76}.Release|Any CPU.ActiveCfg = Release|Any CPU
		{C58ED8E2-248D-4DF4-A445-760F4AB44F76}.Release|Any CPU.Build.0 = Release|Any CPU
	EndGlobalSection
	GlobalSection(SolutionProperties) = preSolution
		HideSolutionNode = FALSE
	EndGlobalSection
	GlobalSection(ExtensibilityGlobals) = postSolution
		SolutionGuid = {677A67A8-A4A2-4CD4-8C18-33FAFC286331}
	EndGlobalSection
EndGlobal
